
Microsoft Visual Studio Solution File, Format Version 12.00
# Visual Studio Version 16
VisualStudioVersion = 16.0.30717.126
MinimumVisualStudioVersion = 10.0.40219.1
Project("{FAE04EC0-301F-11D3-BF4B-00C04F79EFBC}") = "AppSight.FileHashChecker", "AppSight.FileHashChecker\AppSight.FileHashChecker.csproj", "{6B775515-ED4A-40E2-8E15-BEBDE5E04B8B}"
EndProject
Global
	GlobalSection(SolutionConfigurationPlatforms) = preSolution
		Debug|Any CPU = Debug|Any CPU
		Release|Any CPU = Release|Any CPU
	EndGlobalSection
	GlobalSection(ProjectConfigurationPlatforms) = postSolution
		{6B775515-ED4A-40E2-8E15-BEBDE5E04B8B}.Debug|Any CPU.ActiveCfg = Debug|Any CPU
		{6B775515-ED4A-40E2-8E15-BEBDE5E04B8B}.Debug|Any CPU.Build.0 = Debug|Any CPU
		{6B775515-ED4A-40E2-8E15-BEBDE5E04B8B}.Release|Any CPU.ActiveCfg = Release|Any CPU
		{6B775515-ED4A-40E2-8E15-BEBDE5E04B8B}.Release|Any CPU.Build.0 = Release|Any CPU
	EndGlobalSection
	GlobalSection(SolutionProperties) = preSolution
		HideSolutionNode = FALSE
	EndGlobalSection
	GlobalSection(ExtensibilityGlobals) = postSolution
		SolutionGuid = {3F9D898D-2FD6-4979-9F48-4F1A01A004CB}
	EndGlobalSection
EndGlobal
